
Microsoft Visual Studio Solution File, Format Version 12.00
# Visual Studio Version 17
VisualStudioVersion = 17.2.32526.322
MinimumVisualStudioVersion = 10.0.40219.1
Project("{2150E333-8FDC-42A3-9474-1A3956D46DE8}") = "Back", "Back", "{F2E4EA55-14EF-4D02-A701-72D7D50DF284}"
EndProject
Project("{2150E333-8FDC-42A3-9474-1A3956D46DE8}") = "1 - API", "1 - API", "{77EAA590-CB81-47E9-AD18-A7CA014BA535}"
EndProject
Project("{2150E333-8FDC-42A3-9474-1A3956D46DE8}") = "2 - Application", "2 - Application", "{23E555EB-4C9B-4FFC-9B79-492ADAD2B26A}"
EndProject
Project("{2150E333-8FDC-42A3-9474-1A3956D46DE8}") = "3 - Domain", "3 - Domain", "{DB130AC4-D268-4B2D-BC71-8FB48167B4B0}"
EndProject
Project("{2150E333-8FDC-42A3-9474-1A3956D46DE8}") = "4 - Infra", "4 - Infra", "{BE787A0E-6672-414E-848D-279D45D3FBC2}"
EndProject
Project("{2150E333-8FDC-42A3-9474-1A3956D46DE8}") = "3.1 - Entities", "3.1 - Entities", "{BA1C088C-19D3-40EF-ACCC-EF785311FA53}"
EndProject
Project("{2150E333-8FDC-42A3-9474-1A3956D46DE8}") = "3.2 - Services", "3.2 - Services", "{2C731E47-0B90-4A77-ABC2-0100327525E6}"
EndProject
Project("{2150E333-8FDC-42A3-9474-1A3956D46DE8}") = "3.3 - Repositories", "3.3 - Repositories", "{EC225AE8-4AB8-46F9-A376-518FD5219273}"
EndProject
Project("{2150E333-8FDC-42A3-9474-1A3956D46DE8}") = "Test", "Test", "{E06A0326-5694-43DA-A04B-46042931D67D}"
EndProject
Project("{9A19103F-16F7-4668-BE54-9A1E7A4F7556}") = "BoraRachar.APi.Test", "tests\BoraRachar.APi.Test\BoraRachar.APi.Test.csproj", "{88359035-FF78-47D5-BD3E-24792AAA83BF}"
EndProject
Project("{9A19103F-16F7-4668-BE54-9A1E7A4F7556}") = "BoraRachar.Service.Test", "tests\BoraRachar.Service.Test\BoraRachar.Service.Test.csproj", "{271BEC75-DE86-414E-B616-AA43202C5042}"
EndProject
Project("{9A19103F-16F7-4668-BE54-9A1E7A4F7556}") = "BoraRachar.Infra.Data.Repository.Orm", "src\BoraRachar.Infra.Data.Repository.Orm\BoraRachar.Infra.Data.Repository.Orm.csproj", "{FD35F930-6B5A-438B-A0F1-AECB669865AC}"
EndProject
Project("{9A19103F-16F7-4668-BE54-9A1E7A4F7556}") = "BoraRachar.Infra.CrossCuting", "src\BoraRachar.Infra.CrossCuting\BoraRachar.Infra.CrossCuting.csproj", "{F432D3E3-E45E-4B60-8B2D-C6D164459344}"
EndProject
Project("{9A19103F-16F7-4668-BE54-9A1E7A4F7556}") = "BoraRachar.Infra.Bootstrap", "src\BoraRachar.Infra.Bootstrap\BoraRachar.Infra.Bootstrap.csproj", "{50CF755A-DD54-4560-98F5-2DE71B00C81A}"
EndProject
Project("{9A19103F-16F7-4668-BE54-9A1E7A4F7556}") = "BoraRachar.Domain.Repository.Orm.Abstract", "src\BoraRachar.Domain.Repository.Orm.Abstract\BoraRachar.Domain.Repository.Orm.Abstract.csproj", "{561B916C-7B1B-4447-891E-E9DDB63D228F}"
EndProject
Project("{9A19103F-16F7-4668-BE54-9A1E7A4F7556}") = "BoraRachar.Domain.Service.Abstract", "src\BoraRachar.Domain.Service.Abstract\BoraRachar.Domain.Service.Abstract.csproj", "{8FF05C95-EE08-4B86-B0AE-DB2F0B886B6C}"
EndProject
Project("{9A19103F-16F7-4668-BE54-9A1E7A4F7556}") = "BoraRachar.Domain.Service", "src\BoraRachar.Domain.Service\BoraRachar.Domain.Service.csproj", "{4EF451F3-EC22-4DB8-86F8-654E10BA0AC5}"
EndProject
Project("{9A19103F-16F7-4668-BE54-9A1E7A4F7556}") = "BoraRachar.Domain.Entity", "src\BoraRachar.Domain.Entity\BoraRachar.Domain.Entity.csproj", "{BD3F078E-BC88-41FC-867B-CDAB175DC869}"
EndProject
Project("{9A19103F-16F7-4668-BE54-9A1E7A4F7556}") = "BoraRachar.Application", "src\BoraRachar.Application\BoraRachar.Application.csproj", "{BC663E52-17AC-45B6-8401-658D51A60BBA}"
EndProject
Project("{9A19103F-16F7-4668-BE54-9A1E7A4F7556}") = "BoraRachar.Api", "src\BoraRachar.Api\BoraRachar.Api.csproj", "{CB3E18EB-064F-4D7C-9541-34B42B5BBAC5}"
EndProject
Project("{FAE04EC0-301F-11D3-BF4B-00C04F79EFBC}") = "BoraRachar.Domain.Utils", "src\BoraRachar.Domain.Utils\BoraRachar.Domain.Utils.csproj", "{52605294-B263-4DA5-B817-07B63D240E64}"
EndProject
Project("{2150E333-8FDC-42A3-9474-1A3956D46DE8}") = "3.4 - Utils", "3.4 - Utils", "{CD17FBBA-796F-4CB0-8EF7-CC93726DF71C}"
EndProject
Global
	GlobalSection(SolutionConfigurationPlatforms) = preSolution
		Debug|Any CPU = Debug|Any CPU
		Release|Any CPU = Release|Any CPU
	EndGlobalSection
	GlobalSection(ProjectConfigurationPlatforms) = postSolution
		{88359035-FF78-47D5-BD3E-24792AAA83BF}.Debug|Any CPU.ActiveCfg = Debug|Any CPU
		{88359035-FF78-47D5-BD3E-24792AAA83BF}.Debug|Any CPU.Build.0 = Debug|Any CPU
		{88359035-FF78-47D5-BD3E-24792AAA83BF}.Release|Any CPU.ActiveCfg = Release|Any CPU
		{88359035-FF78-47D5-BD3E-24792AAA83BF}.Release|Any CPU.Build.0 = Release|Any CPU
		{271BEC75-DE86-414E-B616-AA43202C5042}.Debug|Any CPU.ActiveCfg = Debug|Any CPU
		{271BEC75-DE86-414E-B616-AA43202C5042}.Debug|Any CPU.Build.0 = Debug|Any CPU
		{271BEC75-DE86-414E-B616-AA43202C5042}.Release|Any CPU.ActiveCfg = Release|Any CPU
		{271BEC75-DE86-414E-B616-AA43202C5042}.Release|Any CPU.Build.0 = Release|Any CPU
		{FD35F930-6B5A-438B-A0F1-AECB669865AC}.Debug|Any CPU.ActiveCfg = Debug|Any CPU
		{FD35F930-6B5A-438B-A0F1-AECB669865AC}.Debug|Any CPU.Build.0 = Debug|Any CPU
		{FD35F930-6B5A-438B-A0F1-AECB669865AC}.Release|Any CPU.ActiveCfg = Release|Any CPU
		{FD35F930-6B5A-438B-A0F1-AECB669865AC}.Release|Any CPU.Build.0 = Release|Any CPU
		{F432D3E3-E45E-4B60-8B2D-C6D164459344}.Debug|Any CPU.ActiveCfg = Debug|Any CPU
		{F432D3E3-E45E-4B60-8B2D-C6D164459344}.Debug|Any CPU.Build.0 = Debug|Any CPU
		{F432D3E3-E45E-4B60-8B2D-C6D164459344}.Release|Any CPU.ActiveCfg = Release|Any CPU
		{F432D3E3-E45E-4B60-8B2D-C6D164459344}.Release|Any CPU.Build.0 = Release|Any CPU
		{50CF755A-DD54-4560-98F5-2DE71B00C81A}.Debug|Any CPU.ActiveCfg = Debug|Any CPU
		{50CF755A-DD54-4560-98F5-2DE71B00C81A}.Debug|Any CPU.Build.0 = Debug|Any CPU
		{50CF755A-DD54-4560-98F5-2DE71B00C81A}.Release|Any CPU.ActiveCfg = Release|Any CPU
		{50CF755A-DD54-4560-98F5-2DE71B00C81A}.Release|Any CPU.Build.0 = Release|Any CPU
		{561B916C-7B1B-4447-891E-E9DDB63D228F}.Debug|Any CPU.ActiveCfg = Debug|Any CPU
		{561B916C-7B1B-4447-891E-E9DDB63D228F}.Debug|Any CPU.Build.0 = Debug|Any CPU
		{561B916C-7B1B-4447-891E-E9DDB63D228F}.Release|Any CPU.ActiveCfg = Release|Any CPU
		{561B916C-7B1B-4447-891E-E9DDB63D228F}.Release|Any CPU.Build.0 = Release|Any CPU
		{8FF05C95-EE08-4B86-B0AE-DB2F0B886B6C}.Debug|Any CPU.ActiveCfg = Debug|Any CPU
		{8FF05C95-EE08-4B86-B0AE-DB2F0B886B6C}.Debug|Any CPU.Build.0 = Debug|Any CPU
		{8FF05C95-EE08-4B86-B0AE-DB2F0B886B6C}.Release|Any CPU.ActiveCfg = Release|Any CPU
		{8FF05C95-EE08-4B86-B0AE-DB2F0B886B6C}.Release|Any CPU.Build.0 = Release|Any CPU
		{4EF451F3-EC22-4DB8-86F8-654E10BA0AC5}.Debug|Any CPU.ActiveCfg = Debug|Any CPU
		{4EF451F3-EC22-4DB8-86F8-654E10BA0AC5}.Debug|Any CPU.Build.0 = Debug|Any CPU
		{4EF451F3-EC22-4DB8-86F8-654E10BA0AC5}.Release|Any CPU.ActiveCfg = Release|Any CPU
		{4EF451F3-EC22-4DB8-86F8-654E10BA0AC5}.Release|Any CPU.Build.0 = Release|Any CPU
		{BD3F078E-BC88-41FC-867B-CDAB175DC869}.Debug|Any CPU.ActiveCfg = Debug|Any CPU
		{BD3F078E-BC88-41FC-867B-CDAB175DC869}.Debug|Any CPU.Build.0 = Debug|Any CPU
		{BD3F078E-BC88-41FC-867B-CDAB175DC869}.Release|Any CPU.ActiveCfg = Release|Any CPU
		{BD3F078E-BC88-41FC-867B-CDAB175DC869}.Release|Any CPU.Build.0 = Release|Any CPU
		{BC663E52-17AC-45B6-8401-658D51A60BBA}.Debug|Any CPU.ActiveCfg = Debug|Any CPU
		{BC663E52-17AC-45B6-8401-658D51A60BBA}.Debug|Any CPU.Build.0 = Debug|Any CPU
		{BC663E52-17AC-45B6-8401-658D51A60BBA}.Release|Any CPU.ActiveCfg = Release|Any CPU
		{BC663E52-17AC-45B6-8401-658D51A60BBA}.Release|Any CPU.Build.0 = Release|Any CPU
		{CB3E18EB-064F-4D7C-9541-34B42B5BBAC5}.Debug|Any CPU.ActiveCfg = Debug|Any CPU
		{CB3E18EB-064F-4D7C-9541-34B42B5BBAC5}.Debug|Any CPU.Build.0 = Debug|Any CPU
		{CB3E18EB-064F-4D7C-9541-34B42B5BBAC5}.Release|Any CPU.ActiveCfg = Release|Any CPU
		{CB3E18EB-064F-4D7C-9541-34B42B5BBAC5}.Release|Any CPU.Build.0 = Release|Any CPU
		{52605294-B263-4DA5-B817-07B63D240E64}.Debug|Any CPU.ActiveCfg = Debug|Any CPU
		{52605294-B263-4DA5-B817-07B63D240E64}.Debug|Any CPU.Build.0 = Debug|Any CPU
		{52605294-B263-4DA5-B817-07B63D240E64}.Release|Any CPU.ActiveCfg = Release|Any CPU
		{52605294-B263-4DA5-B817-07B63D240E64}.Release|Any CPU.Build.0 = Release|Any CPU
	EndGlobalSection
	GlobalSection(SolutionProperties) = preSolution
		HideSolutionNode = FALSE
	EndGlobalSection
	GlobalSection(NestedProjects) = preSolution
		{77EAA590-CB81-47E9-AD18-A7CA014BA535} = {F2E4EA55-14EF-4D02-A701-72D7D50DF284}
		{23E555EB-4C9B-4FFC-9B79-492ADAD2B26A} = {F2E4EA55-14EF-4D02-A701-72D7D50DF284}
		{DB130AC4-D268-4B2D-BC71-8FB48167B4B0} = {F2E4EA55-14EF-4D02-A701-72D7D50DF284}
		{BE787A0E-6672-414E-848D-279D45D3FBC2} = {F2E4EA55-14EF-4D02-A701-72D7D50DF284}
		{BA1C088C-19D3-40EF-ACCC-EF785311FA53} = {DB130AC4-D268-4B2D-BC71-8FB48167B4B0}
		{2C731E47-0B90-4A77-ABC2-0100327525E6} = {DB130AC4-D268-4B2D-BC71-8FB48167B4B0}
		{EC225AE8-4AB8-46F9-A376-518FD5219273} = {DB130AC4-D268-4B2D-BC71-8FB48167B4B0}
		{88359035-FF78-47D5-BD3E-24792AAA83BF} = {E06A0326-5694-43DA-A04B-46042931D67D}
		{271BEC75-DE86-414E-B616-AA43202C5042} = {E06A0326-5694-43DA-A04B-46042931D67D}
		{FD35F930-6B5A-438B-A0F1-AECB669865AC} = {BE787A0E-6672-414E-848D-279D45D3FBC2}
		{F432D3E3-E45E-4B60-8B2D-C6D164459344} = {BE787A0E-6672-414E-848D-279D45D3FBC2}
		{50CF755A-DD54-4560-98F5-2DE71B00C81A} = {BE787A0E-6672-414E-848D-279D45D3FBC2}
		{561B916C-7B1B-4447-891E-E9DDB63D228F} = {EC225AE8-4AB8-46F9-A376-518FD5219273}
		{8FF05C95-EE08-4B86-B0AE-DB2F0B886B6C} = {2C731E47-0B90-4A77-ABC2-0100327525E6}
		{4EF451F3-EC22-4DB8-86F8-654E10BA0AC5} = {2C731E47-0B90-4A77-ABC2-0100327525E6}
		{BD3F078E-BC88-41FC-867B-CDAB175DC869} = {BA1C088C-19D3-40EF-ACCC-EF785311FA53}
		{BC663E52-17AC-45B6-8401-658D51A60BBA} = {23E555EB-4C9B-4FFC-9B79-492ADAD2B26A}
		{CB3E18EB-064F-4D7C-9541-34B42B5BBAC5} = {77EAA590-CB81-47E9-AD18-A7CA014BA535}
		{52605294-B263-4DA5-B817-07B63D240E64} = {CD17FBBA-796F-4CB0-8EF7-CC93726DF71C}
		{CD17FBBA-796F-4CB0-8EF7-CC93726DF71C} = {DB130AC4-D268-4B2D-BC71-8FB48167B4B0}
	EndGlobalSection
	GlobalSection(ExtensibilityGlobals) = postSolution
		SolutionGuid = {8F58184C-70B5-48EA-B1A8-686B51DD1EA1}
	EndGlobalSection
EndGlobal
